
Microsoft Visual Studio Solution File, Format Version 12.00
# Visual Studio Version 16
VisualStudioVersion = 16.0.29102.190
MinimumVisualStudioVersion = 10.0.40219.1
Project("{FAE04EC0-301F-11D3-BF4B-00C04F79EFBC}") = "AlumnosDB2", "AlumnosDB2\AlumnosDB2.csproj", "{F6CBD342-0C82-4176-8FAF-8DC38BFD1C34}"
EndProject
Global
	GlobalSection(SolutionConfigurationPlatforms) = preSolution
		Debug|Any CPU = Debug|Any CPU
		Release|Any CPU = Release|Any CPU
	EndGlobalSection
	GlobalSection(ProjectConfigurationPlatforms) = postSolution
		{F6CBD342-0C82-4176-8FAF-8DC38BFD1C34}.Debug|Any CPU.ActiveCfg = Debug|Any CPU
		{F6CBD342-0C82-4176-8FAF-8DC38BFD1C34}.Debug|Any CPU.Build.0 = Debug|Any CPU
		{F6CBD342-0C82-4176-8FAF-8DC38BFD1C34}.Release|Any CPU.ActiveCfg = Release|Any CPU
		{F6CBD342-0C82-4176-8FAF-8DC38BFD1C34}.Release|Any CPU.Build.0 = Release|Any CPU
	EndGlobalSection
	GlobalSection(SolutionProperties) = preSolution
		HideSolutionNode = FALSE
	EndGlobalSection
	GlobalSection(ExtensibilityGlobals) = postSolution
		SolutionGuid = {3EB66ACF-7CDF-48F0-BC61-333E09B7BD5D}
	EndGlobalSection
EndGlobal
